
Microsoft Visual Studio Solution File, Format Version 12.00
# Visual Studio Version 16
VisualStudioVersion = 16.0.29709.97
MinimumVisualStudioVersion = 10.0.40219.1
Project("{FAE04EC0-301F-11D3-BF4B-00C04F79EFBC}") = "PriyatnyyShelest", "PriyatnyyShelest\PriyatnyyShelest.csproj", "{3920044B-A17D-4CA7-93F9-164E76C7BE8E}"
EndProject
Global
	GlobalSection(SolutionConfigurationPlatforms) = preSolution
		Debug|Any CPU = Debug|Any CPU
		Release|Any CPU = Release|Any CPU
	EndGlobalSection
	GlobalSection(ProjectConfigurationPlatforms) = postSolution
		{3920044B-A17D-4CA7-93F9-164E76C7BE8E}.Debug|Any CPU.ActiveCfg = Debug|Any CPU
		{3920044B-A17D-4CA7-93F9-164E76C7BE8E}.Debug|Any CPU.Build.0 = Debug|Any CPU
		{3920044B-A17D-4CA7-93F9-164E76C7BE8E}.Release|Any CPU.ActiveCfg = Release|Any CPU
		{3920044B-A17D-4CA7-93F9-164E76C7BE8E}.Release|Any CPU.Build.0 = Release|Any CPU
	EndGlobalSection
	GlobalSection(SolutionProperties) = preSolution
		HideSolutionNode = FALSE
	EndGlobalSection
	GlobalSection(ExtensibilityGlobals) = postSolution
		SolutionGuid = {B75C6C81-EF9F-4924-B7B0-1C10D79D6507}
	EndGlobalSection
EndGlobal
